
Microsoft Visual Studio Solution File, Format Version 12.00
# Visual Studio Version 16
VisualStudioVersion = 16.0.32901.82
MinimumVisualStudioVersion = 10.0.40219.1
Project("{9A19103F-16F7-4668-BE54-9A1E7A4F7556}") = "DevIO.Business", "src\DevIO.Business\DevIO.Business.csproj", "{2683184E-E44F-445A-A682-B8679C1E83A8}"
EndProject
Project("{9A19103F-16F7-4668-BE54-9A1E7A4F7556}") = "DevIO.Data", "src\DevIO.Data\DevIO.Data.csproj", "{C461281D-4F55-4A09-8628-88CD85B5FAEE}"
EndProject
Project("{FAE04EC0-301F-11D3-BF4B-00C04F79EFBC}") = "DevIO.Api", "src\DevIO.Api\DevIO.Api.csproj", "{CFF35256-2F8B-4807-8EB0-3AC9A3BCD07C}"
EndProject
Global
	GlobalSection(SolutionConfigurationPlatforms) = preSolution
		Debug|Any CPU = Debug|Any CPU
		Release|Any CPU = Release|Any CPU
	EndGlobalSection
	GlobalSection(ProjectConfigurationPlatforms) = postSolution
		{2683184E-E44F-445A-A682-B8679C1E83A8}.Debug|Any CPU.ActiveCfg = Debug|Any CPU
		{2683184E-E44F-445A-A682-B8679C1E83A8}.Debug|Any CPU.Build.0 = Debug|Any CPU
		{2683184E-E44F-445A-A682-B8679C1E83A8}.Release|Any CPU.ActiveCfg = Release|Any CPU
		{2683184E-E44F-445A-A682-B8679C1E83A8}.Release|Any CPU.Build.0 = Release|Any CPU
		{C461281D-4F55-4A09-8628-88CD85B5FAEE}.Debug|Any CPU.ActiveCfg = Debug|Any CPU
		{C461281D-4F55-4A09-8628-88CD85B5FAEE}.Debug|Any CPU.Build.0 = Debug|Any CPU
		{C461281D-4F55-4A09-8628-88CD85B5FAEE}.Release|Any CPU.ActiveCfg = Release|Any CPU
		{C461281D-4F55-4A09-8628-88CD85B5FAEE}.Release|Any CPU.Build.0 = Release|Any CPU
		{CFF35256-2F8B-4807-8EB0-3AC9A3BCD07C}.Debug|Any CPU.ActiveCfg = Debug|Any CPU
		{CFF35256-2F8B-4807-8EB0-3AC9A3BCD07C}.Debug|Any CPU.Build.0 = Debug|Any CPU
		{CFF35256-2F8B-4807-8EB0-3AC9A3BCD07C}.Release|Any CPU.ActiveCfg = Release|Any CPU
		{CFF35256-2F8B-4807-8EB0-3AC9A3BCD07C}.Release|Any CPU.Build.0 = Release|Any CPU
	EndGlobalSection
	GlobalSection(SolutionProperties) = preSolution
		HideSolutionNode = FALSE
	EndGlobalSection
	GlobalSection(ExtensibilityGlobals) = postSolution
		SolutionGuid = {DC5646DC-1A36-4DD5-B343-5B239887E51F}
	EndGlobalSection
EndGlobal
